
Microsoft Visual Studio Solution File, Format Version 11.00
# Visual Studio 2010
Project("{FAE04EC0-301F-11D3-BF4B-00C04F79EFBC}") = "Sql.UDF.SOAPRequest", "Sql.UDF.SOAPRequest.csproj", "{5FE43C0C-D870-4AC9-8CEF-1A016647C881}"
EndProject
Project("{FAE04EC0-301F-11D3-BF4B-00C04F79EFBC}") = "TestSOAPRequest", "TestSOAPRequest\TestSOAPRequest.csproj", "{D18609BE-9D2F-4760-AA53-ACE4FE8E5103}"
EndProject
Global
	GlobalSection(SolutionConfigurationPlatforms) = preSolution
		Debug|Any CPU = Debug|Any CPU
		Debug|Mixed Platforms = Debug|Mixed Platforms
		Debug|x86 = Debug|x86
		Release|Any CPU = Release|Any CPU
		Release|Mixed Platforms = Release|Mixed Platforms
		Release|x86 = Release|x86
	EndGlobalSection
	GlobalSection(ProjectConfigurationPlatforms) = postSolution
		{5FE43C0C-D870-4AC9-8CEF-1A016647C881}.Debug|Any CPU.ActiveCfg = Debug|Any CPU
		{5FE43C0C-D870-4AC9-8CEF-1A016647C881}.Debug|Any CPU.Build.0 = Debug|Any CPU
		{5FE43C0C-D870-4AC9-8CEF-1A016647C881}.Debug|Any CPU.Deploy.0 = Debug|Any CPU
		{5FE43C0C-D870-4AC9-8CEF-1A016647C881}.Debug|Mixed Platforms.ActiveCfg = Debug|Any CPU
		{5FE43C0C-D870-4AC9-8CEF-1A016647C881}.Debug|Mixed Platforms.Build.0 = Debug|Any CPU
		{5FE43C0C-D870-4AC9-8CEF-1A016647C881}.Debug|Mixed Platforms.Deploy.0 = Debug|Any CPU
		{5FE43C0C-D870-4AC9-8CEF-1A016647C881}.Debug|x86.ActiveCfg = Debug|Any CPU
		{5FE43C0C-D870-4AC9-8CEF-1A016647C881}.Release|Any CPU.ActiveCfg = Release|Any CPU
		{5FE43C0C-D870-4AC9-8CEF-1A016647C881}.Release|Any CPU.Build.0 = Release|Any CPU
		{5FE43C0C-D870-4AC9-8CEF-1A016647C881}.Release|Any CPU.Deploy.0 = Release|Any CPU
		{5FE43C0C-D870-4AC9-8CEF-1A016647C881}.Release|Mixed Platforms.ActiveCfg = Release|Any CPU
		{5FE43C0C-D870-4AC9-8CEF-1A016647C881}.Release|Mixed Platforms.Build.0 = Release|Any CPU
		{5FE43C0C-D870-4AC9-8CEF-1A016647C881}.Release|Mixed Platforms.Deploy.0 = Release|Any CPU
		{5FE43C0C-D870-4AC9-8CEF-1A016647C881}.Release|x86.ActiveCfg = Release|Any CPU
		{D18609BE-9D2F-4760-AA53-ACE4FE8E5103}.Debug|Any CPU.ActiveCfg = Debug|x86
		{D18609BE-9D2F-4760-AA53-ACE4FE8E5103}.Debug|Mixed Platforms.ActiveCfg = Debug|x86
		{D18609BE-9D2F-4760-AA53-ACE4FE8E5103}.Debug|Mixed Platforms.Build.0 = Debug|x86
		{D18609BE-9D2F-4760-AA53-ACE4FE8E5103}.Debug|x86.ActiveCfg = Debug|x86
		{D18609BE-9D2F-4760-AA53-ACE4FE8E5103}.Debug|x86.Build.0 = Debug|x86
		{D18609BE-9D2F-4760-AA53-ACE4FE8E5103}.Release|Any CPU.ActiveCfg = Release|x86
		{D18609BE-9D2F-4760-AA53-ACE4FE8E5103}.Release|Mixed Platforms.ActiveCfg = Release|x86
		{D18609BE-9D2F-4760-AA53-ACE4FE8E5103}.Release|Mixed Platforms.Build.0 = Release|x86
		{D18609BE-9D2F-4760-AA53-ACE4FE8E5103}.Release|x86.ActiveCfg = Release|x86
		{D18609BE-9D2F-4760-AA53-ACE4FE8E5103}.Release|x86.Build.0 = Release|x86
	EndGlobalSection
	GlobalSection(SolutionProperties) = preSolution
		HideSolutionNode = FALSE
	EndGlobalSection
EndGlobal
